github.com/StackExchange/wmi v1.2.1 h1:VIkavFPXSjcnS+O8yTq7NI32k0R5Aj+v39y29VYDOSA=
github.com/StackExchange/wmi v1.2.1/go.mod h1:rcmrprowKIVzvc+NUiLncP2uuArMWLCbu9SBzvHz7e8=
github.com/fehmicorp/agent/windows/debug/logger v0.0.0-20260629120454-09a76eb25319 h1:ewQSfd8zEbNm/suuvxh8DgVp2lCG49LDlUUPsPzApAk=
github.com/fehmicorp/agent/windows/debug/logger v0.0.0-20260629120454-09a76eb25319/go.mod h1:ID0fLdTU4xx0R5OU4yYwl0NdaqmJl497Ayk41cxIiBs=
github.com/fehmicorp/agent/windows/debug/logger v0.0.0-20260629120921-dcdaf40bf061 h1:GTMOuoTrn/Dx/gSz5YwvtWXVYw3aW582wBI8xSWqTMU=
github.com/fehmicorp/agent/windows/debug/logger v0.0.0-20260629120921-dcdaf40bf061/go.mod h1:ID0fLdTU4xx0R5OU4yYwl0NdaqmJl497Ayk41cxIiBs=
github.com/fehmicorp/agent/windows/services/firewall v0.0.0-20260629132840-185f3d39f12c h1:F9+JQPZsJc3wZNxXmhaIhDRxr54SMwMe6mq/x38n9TU=
github.com/fehmicorp/agent/windows/services/firewall v0.0.0-20260629132840-185f3d39f12c/go.mod h1:T3wcPYLN1I/3l2llTnqJm9YTHqJizrnfc2QYCIMtI7k=
github.com/go-ole/go-ole v1.2.5 h1:t4MGB5xEDZvXI+0rMjjsfBsD7yAgp/s9ZDkL1JndXwY=
github.com/go-ole/go-ole v1.2.5/go.mod h1:pprOEPIfldk/42T2oK7lQ4v4JSDwmV0As9GaiUsvbm0=
golang.org/x/sys v0.0.0-20190916202348-b4ddaad3f8a3 h1:7TYNF4UdlohbFwpNH04CoPMp1cHUZgO1Ebq5r2hIjfo=
golang.org/x/sys v0.0.0-20190916202348-b4ddaad3f8a3/go.mod h1:h1NjWce9XRLGQEsW7wpKNCjG9DtNlClVuFLEZdDNbEs=
