github.com/fehmicorp/agent/windows/config/types v0.0.0-20260622172751-de7a95348e0e h1:ScAjUTGdnln0DTUMYDx0R+/1DGeBl34JPpkbdNL1xfA=
github.com/fehmicorp/agent/windows/config/types v0.0.0-20260622172751-de7a95348e0e/go.mod h1:3+/590qYxOiZhFL2HLOJi1cFVVaDrFd3qaSLN9JWEfk=
github.com/fehmicorp/agent/windows/config/types v0.0.0-20260622181057-da3ceead170c h1:uOy6X4g7SggIg9xx7aZiMQhltH2JI6sbc4jzEg7Z3MM=
github.com/fehmicorp/agent/windows/config/types v0.0.0-20260622181057-da3ceead170c/go.mod h1:3+/590qYxOiZhFL2HLOJi1cFVVaDrFd3qaSLN9JWEfk=
